
Microsoft Visual Studio Solution File, Format Version 12.00
# Visual Studio Version 17
VisualStudioVersion = 17.3.32825.248
MinimumVisualStudioVersion = 10.0.40219.1
Project("{FAE04EC0-301F-11D3-BF4B-00C04F79EFBC}") = "ConsoleApp1", "ConsoleApp1\ConsoleApp1.csproj", "{D2520B9F-532B-4858-9E47-4AE3F13B8C91}"
EndProject
Global
	GlobalSection(SolutionConfigurationPlatforms) = preSolution
		Debug|Any CPU = Debug|Any CPU
		Release|Any CPU = Release|Any CPU
	EndGlobalSection
	GlobalSection(ProjectConfigurationPlatforms) = postSolution
		{D2520B9F-532B-4858-9E47-4AE3F13B8C91}.Debug|Any CPU.ActiveCfg = Debug|Any CPU
		{D2520B9F-532B-4858-9E47-4AE3F13B8C91}.Debug|Any CPU.Build.0 = Debug|Any CPU
		{D2520B9F-532B-4858-9E47-4AE3F13B8C91}.Release|Any CPU.ActiveCfg = Release|Any CPU
		{D2520B9F-532B-4858-9E47-4AE3F13B8C91}.Release|Any CPU.Build.0 = Release|Any CPU
	EndGlobalSection
	GlobalSection(SolutionProperties) = preSolution
		HideSolutionNode = FALSE
	EndGlobalSection
	GlobalSection(ExtensibilityGlobals) = postSolution
		SolutionGuid = {AA289CC1-6ABF-4E64-BC48-A05A95B97055}
	EndGlobalSection
EndGlobal
